// !$*UTF8*$!
{
	archiveVersion = 1;
	classes = {
	};
	objectVersion = 55;
	objects = {

/* Begin PBXBuildFile section */
		3F71A469289C2888008A4D1A /* CodeHistoryApp.swift in Sources */ = {isa = PBXBuildFile; fileRef = 3F71A468289C2888008A4D1A /* CodeHistoryApp.swift */; };
		3F71A46B289C2888008A4D1A /* GameView.swift in Sources */ = {isa = PBXBuildFile; fileRef = 3F71A46A289C2888008A4D1A /* GameView.swift */; };
		3F71A46D289C2889008A4D1A /* Assets.xcassets in Resources */ = {isa = PBXBuildFile; fileRef = 3F71A46C289C2889008A4D1A /* Assets.xcassets */; };
		3F71A470289C2889008A4D1A /* Preview Assets.xcassets in Resources */ = {isa = PBXBuildFile; fileRef = 3F71A46F289C2889008A4D1A /* Preview Assets.xcassets */; };
		3F71A477289C2A71008A4D1A /* ChoiceTextView.swift in Sources */ = {isa = PBXBuildFile; fileRef = 3F71A476289C2A71008A4D1A /* ChoiceTextView.swift */; };
		3F71A479289C2A8C008A4D1A /* Question.swift in Sources */ = {isa = PBXBuildFile; fileRef = 3F71A478289C2A8C008A4D1A /* Question.swift */; };
		3F71A47B289C2D0F008A4D1A /* Game.swift in Sources */ = {isa = PBXBuildFile; fileRef = 3F71A47A289C2D0F008A4D1A /* Game.swift */; };
		3F71A47F289C2E5E008A4D1A /* WelcomeView.swift in Sources */ = {isa = PBXBuildFile; fileRef = 3F71A47E289C2E5E008A4D1A /* WelcomeView.swift */; };
		3F71A48C289C32E5008A4D1A /* GameViewModel.swift in Sources */ = {isa = PBXBuildFile; fileRef = 3F71A48B289C32E5008A4D1A /* GameViewModel.swift */; };
		3F71A48E289C337A008A4D1A /* QuestionView.swift in Sources */ = {isa = PBXBuildFile; fileRef = 3F71A48D289C337A008A4D1A /* QuestionView.swift */; };
		3F71A490289C33AD008A4D1A /* GameColor.swift in Sources */ = {isa = PBXBuildFile; fileRef = 3F71A48F289C33AD008A4D1A /* GameColor.swift */; };
		3F71A492289C33DE008A4D1A /* BottomTextView.swift in Sources */ = {isa = PBXBuildFile; fileRef = 3F71A491289C33DE008A4D1A /* BottomTextView.swift */; };
/* End PBXBuildFile section */

/* Begin PBXFileReference section */
		3F71A465289C2888008A4D1A /* CodeHistory.app */ = {isa = PBXFileReference; explicitFileType = wrapper.application; includeInIndex = 0; path = CodeHistory.app; sourceTree = BUILT_PRODUCTS_DIR; };
		3F71A468289C2888008A4D1A /* CodeHistoryApp.swift */ = {isa = PBXFileReference; lastKnownFileType = sourcecode.swift; path = CodeHistoryApp.swift; sourceTree = "<group>"; };
		3F71A46A289C2888008A4D1A /* GameView.swift */ = {isa = PBXFileReference; lastKnownFileType = sourcecode.swift; path = GameView.swift; sourceTree = "<group>"; };
		3F71A46C289C2889008A4D1A /* Assets.xcassets */ = {isa = PBXFileReference; lastKnownFileType = folder.assetcatalog; path = Assets.xcassets; sourceTree = "<group>"; };
		3F71A46F289C2889008A4D1A /* Preview Assets.xcassets */ = {isa = PBXFileReference; lastKnownFileType = folder.assetcatalog; path = "Preview Assets.xcassets"; sourceTree = "<group>"; };
		3F71A476289C2A71008A4D1A /* ChoiceTextView.swift */ = {isa = PBXFileReference; fileEncoding = 4; lastKnownFileType = sourcecode.swift; path = ChoiceTextView.swift; sourceTree = "<group>"; };
		3F71A478289C2A8C008A4D1A /* Question.swift */ = {isa = PBXFileReference; fileEncoding = 4; lastKnownFileType = sourcecode.swift; path = Question.swift; sourceTree = "<group>"; };
		3F71A47A289C2D0F008A4D1A /* Game.swift */ = {isa = PBXFileReference; fileEncoding = 4; lastKnownFileType = sourcecode.swift; path = Game.swift; sourceTree = "<group>"; };
		3F71A47E289C2E5E008A4D1A /* WelcomeView.swift */ = {isa = PBXFileReference; fileEncoding = 4; lastKnownFileType = sourcecode.swift; path = WelcomeView.swift; sourceTree = "<group>"; };
		3F71A48B289C32E5008A4D1A /* GameViewModel.swift */ = {isa = PBXFileReference; lastKnownFileType = sourcecode.swift; path = GameViewModel.swift; sourceTree = "<group>"; };
		3F71A48D289C337A008A4D1A /* QuestionView.swift */ = {isa = PBXFileReference; lastKnownFileType = sourcecode.swift; path = QuestionView.swift; sourceTree = "<group>"; };
		3F71A48F289C33AD008A4D1A /* GameColor.swift */ = {isa = PBXFileReference; lastKnownFileType = sourcecode.swift; path = GameColor.swift; sourceTree = "<group>"; };
		3F71A491289C33DE008A4D1A /* BottomTextView.swift */ = {isa = PBXFileReference; lastKnownFileType = sourcecode.swift; path = BottomTextView.swift; sourceTree = "<group>"; };
/* End PBXFileReference section */

/* Begin PBXFrameworksBuildPhase section */
		3F71A462289C2888008A4D1A /* Frameworks */ = {
			isa = PBXFrameworksBuildPhase;
			buildActionMask = 2147483647;
			files = (
			);
			runOnlyForDeploymentPostprocessing = 0;
		};
/* End PBXFrameworksBuildPhase section */

/* Begin PBXGroup section */
		3F71A45C289C2888008A4D1A = {
			isa = PBXGroup;
			children = (
				3F71A467289C2888008A4D1A /* CodeHistory */,
				3F71A466289C2888008A4D1A /* Products */,
			);
			sourceTree = "<group>";
		};
		3F71A466289C2888008A4D1A /* Products */ = {
			isa = PBXGroup;
			children = (
				3F71A465289C2888008A4D1A /* CodeHistory.app */,
			);
			name = Products;
			sourceTree = "<group>";
		};
		3F71A467289C2888008A4D1A /* CodeHistory */ = {
			isa = PBXGroup;
			children = (
				3F71A488289C313D008A4D1A /* ViewModels */,
				3F71A47D289C2E16008A4D1A /* Models */,
				3F71A47C289C2E07008A4D1A /* Views */,
				3F71A468289C2888008A4D1A /* CodeHistoryApp.swift */,
				3F71A46C289C2889008A4D1A /* Assets.xcassets */,
				3F71A46E289C2889008A4D1A /* Preview Content */,
			);
			path = CodeHistory;
			sourceTree = "<group>";
		};
		3F71A46E289C2889008A4D1A /* Preview Content */ = {
			isa = PBXGroup;
			children = (
				3F71A46F289C2889008A4D1A /* Preview Assets.xcassets */,
			);
			path = "Preview Content";
			sourceTree = "<group>";
		};
		3F71A47C289C2E07008A4D1A /* Views */ = {
			isa = PBXGroup;
			children = (
				3F71A47E289C2E5E008A4D1A /* WelcomeView.swift */,
				3F71A46A289C2888008A4D1A /* GameView.swift */,
				3F71A476289C2A71008A4D1A /* ChoiceTextView.swift */,
				3F71A48D289C337A008A4D1A /* QuestionView.swift */,
				3F71A48F289C33AD008A4D1A /* GameColor.swift */,
				3F71A491289C33DE008A4D1A /* BottomTextView.swift */,
			);
			path = Views;
			sourceTree = "<group>";
		};
		3F71A47D289C2E16008A4D1A /* Models */ = {
			isa = PBXGroup;
			children = (
				3F71A47A289C2D0F008A4D1A /* Game.swift */,
				3F71A478289C2A8C008A4D1A /* Question.swift */,
			);
			path = Models;
			sourceTree = "<group>";
		};
		3F71A488289C313D008A4D1A /* ViewModels */ = {
			isa = PBXGroup;
			children = (
				3F71A48B289C32E5008A4D1A /* GameViewModel.swift */,
			);
			path = ViewModels;
			sourceTree = "<group>";
		};
/* End PBXGroup section */

/* Begin PBXNativeTarget section */
		3F71A464289C2888008A4D1A /* CodeHistory */ = {
			isa = PBXNativeTarget;
			buildConfigurationList = 3F71A473289C2889008A4D1A /* Build configuration list for PBXNativeTarget "CodeHistory" */;
			buildPhases = (
				3F71A461289C2888008A4D1A /* Sources */,
				3F71A462289C2888008A4D1A /* Frameworks */,
				3F71A463289C2888008A4D1A /* Resources */,
			);
			buildRules = (
			);
			dependencies = (
			);
			name = CodeHistory;
			productName = CodeHistory;
			productReference = 3F71A465289C2888008A4D1A /* CodeHistory.app */;
			productType = "com.apple.product-type.application";
		};
/* End PBXNativeTarget section */

/* Begin PBXProject section */
		3F71A45D289C2888008A4D1A /* Project object */ = {
			isa = PBXProject;
			attributes = {
				BuildIndependentTargetsInParallel = 1;
				LastSwiftUpdateCheck = 1340;
				LastUpgradeCheck = 1340;
				TargetAttributes = {
					3F71A464289C2888008A4D1A = {
						CreatedOnToolsVersion = 13.4.1;
					};
				};
			};
			buildConfigurationList = 3F71A460289C2888008A4D1A /* Build configuration list for PBXProject "CodeHistory" */;
			compatibilityVersion = "Xcode 13.0";
			developmentRegion = en;
			hasScannedForEncodings = 0;
			knownRegions = (
				en,
				Base,
			);
			mainGroup = 3F71A45C289C2888008A4D1A;
			productRefGroup = 3F71A466289C2888008A4D1A /* Products */;
			projectDirPath = "";
			projectRoot = "";
			targets = (
				3F71A464289C2888008A4D1A /* CodeHistory */,
			);
		};
/* End PBXProject section */

/* Begin PBXResourcesBuildPhase section */
		3F71A463289C2888008A4D1A /* Resources */ = {
			isa = PBXResourcesBuildPhase;
			buildActionMask = 2147483647;
			files = (
				3F71A470289C2889008A4D1A /* Preview Assets.xcassets in Resources */,
				3F71A46D289C2889008A4D1A /* Assets.xcassets in Resources */,
			);
			runOnlyForDeploymentPostprocessing = 0;
		};
/* End PBXResourcesBuildPhase section */

/* Begin PBXSourcesBuildPhase section */
		3F71A461289C2888008A4D1A /* Sources */ = {
			isa = PBXSourcesBuildPhase;
			buildActionMask = 2147483647;
			files = (
				3F71A46B289C2888008A4D1A /* GameView.swift in Sources */,
				3F71A47F289C2E5E008A4D1A /* WelcomeView.swift in Sources */,
				3F71A47B289C2D0F008A4D1A /* Game.swift in Sources */,
				3F71A48C289C32E5008A4D1A /* GameViewModel.swift in Sources */,
				3F71A479289C2A8C008A4D1A /* Question.swift in Sources */,
				3F71A492289C33DE008A4D1A /* BottomTextView.swift in Sources */,
				3F71A48E289C337A008A4D1A /* QuestionView.swift in Sources */,
				3F71A469289C2888008A4D1A /* CodeHistoryApp.swift in Sources */,
				3F71A490289C33AD008A4D1A /* GameColor.swift in Sources */,
				3F71A477289C2A71008A4D1A /* ChoiceTextView.swift in Sources */,
			);
			runOnlyForDeploymentPostprocessing = 0;
		};
/* End PBXSourcesBuildPhase section */

/* Begin XCBuildConfiguration section */
		3F71A471289C2889008A4D1A /* Debug */ = {
			isa = XCBuildConfiguration;
			buildSettings = {
				ALWAYS_SEARCH_USER_PATHS = NO;
				CLANG_ANALYZER_NONNULL = YES;
				CLANG_ANALYZER_NUMBER_OBJECT_CONVERSION = YES_AGGRESSIVE;
				CLANG_CXX_LANGUAGE_STANDARD = "gnu++17";
				CLANG_ENABLE_MODULES = YES;
				CLANG_ENABLE_OBJC_ARC = YES;
				CLANG_ENABLE_OBJC_WEAK = YES;
				CLANG_WARN_BLOCK_CAPTURE_AUTORELEASING = YES;
				CLANG_WARN_BOOL_CONVERSION = YES;
				CLANG_WARN_COMMA = YES;
				CLANG_WARN_CONSTANT_CONVERSION = YES;
				CLANG_WARN_DEPRECATED_OBJC_IMPLEMENTATIONS = YES;
				CLANG_WARN_DIRECT_OBJC_ISA_USAGE = YES_ERROR;
				CLANG_WARN_DOCUMENTATION_COMMENTS = YES;
				CLANG_WARN_EMPTY_BODY = YES;
				CLANG_WARN_ENUM_CONVERSION = YES;
				CLANG_WARN_INFINITE_RECURSION = YES;
				CLANG_WARN_INT_CONVERSION = YES;
				CLANG_WARN_NON_LITERAL_NULL_CONVERSION = YES;
				CLANG_WARN_OBJC_IMPLICIT_RETAIN_SELF = YES;
				CLANG_WARN_OBJC_LITERAL_CONVERSION = YES;
				CLANG_WARN_OBJC_ROOT_CLASS = YES_ERROR;
				CLANG_WARN_QUOTED_INCLUDE_IN_FRAMEWORK_HEADER = YES;
				CLANG_WARN_RANGE_LOOP_ANALYSIS = YES;
				CLANG_WARN_STRICT_PROTOTYPES = YES;
				CLANG_WARN_SUSPICIOUS_MOVE = YES;
				CLANG_WARN_UNGUARDED_AVAILABILITY = YES_AGGRESSIVE;
				CLANG_WARN_UNREACHABLE_CODE = YES;
				CLANG_WARN__DUPLICATE_METHOD_MATCH = YES;
				COPY_PHASE_STRIP = NO;
				DEBUG_INFORMATION_FORMAT = dwarf;
				ENABLE_STRICT_OBJC_MSGSEND = YES;
				ENABLE_TESTABILITY = YES;
				GCC_C_LANGUAGE_STANDARD = gnu11;
				GCC_DYNAMIC_NO_PIC = NO;
				GCC_NO_COMMON_BLOCKS = YES;
				GCC_OPTIMIZATION_LEVEL = 0;
				GCC_PREPROCESSOR_DEFINITIONS = (
					"DEBUG=1",
					"$(inherited)",
				);
				GCC_WARN_64_TO_32_BIT_CONVERSION = YES;
				GCC_WARN_ABOUT_RETURN_TYPE = YES_ERROR;
				GCC_WARN_UNDECLARED_SELECTOR = YES;
				GCC_WARN_UNINITIALIZED_AUTOS = YES_AGGRESSIVE;
				GCC_WARN_UNUSED_FUNCTION = YES;
				GCC_WARN_UNUSED_VARIABLE = YES;
				IPHONEOS_DEPLOYMENT_TARGET = 15.5;
				MTL_ENABLE_DEBUG_INFO = INCLUDE_SOURCE;
				MTL_FAST_MATH = YES;
				ONLY_ACTIVE_ARCH = YES;
				SDKROOT = iphoneos;
				SWIFT_ACTIVE_COMPILATION_CONDITIONS = DEBUG;
				SWIFT_OPTIMIZATION_LEVEL = "-Onone";
			};
			name = Debug;
		};
		3F71A472289C2889008A4D1A /* Release */ = {
			isa = XCBuildConfiguration;
			buildSettings = {
				ALWAYS_SEARCH_USER_PATHS = NO;
				CLANG_ANALYZER_NONNULL = YES;
				CLANG_ANALYZER_NUMBER_OBJECT_CONVERSION = YES_AGGRESSIVE;
				CLANG_CXX_LANGUAGE_STANDARD = "gnu++17";
				CLANG_ENABLE_MODULES = YES;
				CLANG_ENABLE_OBJC_ARC = YES;
				CLANG_ENABLE_OBJC_WEAK = YES;
				CLANG_WARN_BLOCK_CAPTURE_AUTORELEASING = YES;
				CLANG_WARN_BOOL_CONVERSION = YES;
				CLANG_WARN_COMMA = YES;
				CLANG_WARN_CONSTANT_CONVERSION = YES;
				CLANG_WARN_DEPRECATED_OBJC_IMPLEMENTATIONS = YES;
				CLANG_WARN_DIRECT_OBJC_ISA_USAGE = YES_ERROR;
				CLANG_WARN_DOCUMENTATION_COMMENTS = YES;
				CLANG_WARN_EMPTY_BODY = YES;
				CLANG_WARN_ENUM_CONVERSION = YES;
				CLANG_WARN_INFINITE_RECURSION = YES;
				CLANG_WARN_INT_CONVERSION = YES;
				CLANG_WARN_NON_LITERAL_NULL_CONVERSION = YES;
				CLANG_WARN_OBJC_IMPLICIT_RETAIN_SELF = YES;
				CLANG_WARN_OBJC_LITERAL_CONVERSION = YES;
				CLANG_WARN_OBJC_ROOT_CLASS = YES_ERROR;
				CLANG_WARN_QUOTED_INCLUDE_IN_FRAMEWORK_HEADER = YES;
				CLANG_WARN_RANGE_LOOP_ANALYSIS = YES;
				CLANG_WARN_STRICT_PROTOTYPES = YES;
				CLANG_WARN_SUSPICIOUS_MOVE = YES;
				CLANG_WARN_UNGUARDED_AVAILABILITY = YES_AGGRESSIVE;
				CLANG_WARN_UNREACHABLE_CODE = YES;
				CLANG_WARN__DUPLICATE_METHOD_MATCH = YES;
				COPY_PHASE_STRIP = NO;
				DEBUG_INFORMATION_FORMAT = "dwarf-with-dsym";
				ENABLE_NS_ASSERTIONS = NO;
				ENABLE_STRICT_OBJC_MSGSEND = YES;
				GCC_C_LANGUAGE_STANDARD = gnu11;
				GCC_NO_COMMON_BLOCKS = YES;
				GCC_WARN_64_TO_32_BIT_CONVERSION = YES;
				GCC_WARN_ABOUT_RETURN_TYPE = YES_ERROR;
				GCC_WARN_UNDECLARED_SELECTOR = YES;
				GCC_WARN_UNINITIALIZED_AUTOS = YES_AGGRESSIVE;
				GCC_WARN_UNUSED_FUNCTION = YES;
				GCC_WARN_UNUSED_VARIABLE = YES;
				IPHONEOS_DEPLOYMENT_TARGET = 15.5;
				MTL_ENABLE_DEBUG_INFO = NO;
				MTL_FAST_MATH = YES;
				SDKROOT = iphoneos;
				SWIFT_COMPILATION_MODE = wholemodule;
				SWIFT_OPTIMIZATION_LEVEL = "-O";
				VALIDATE_PRODUCT = YES;
			};
			name = Release;
		};
		3F71A474289C2889008A4D1A /* Debug */ = {
			isa = XCBuildConfiguration;
			buildSettings = {
				ASSETCATALOG_COMPILER_APPICON_NAME = AppIcon;
				ASSETCATALOG_COMPILER_GLOBAL_ACCENT_COLOR_NAME = AccentColor;
				CODE_SIGN_STYLE = Automatic;
				CURRENT_PROJECT_VERSION = 1;
				DEVELOPMENT_ASSET_PATHS = "\"CodeHistory/Preview Content\"";
				ENABLE_PREVIEWS = YES;
				GENERATE_INFOPLIST_FILE = YES;
				INFOPLIST_KEY_UIApplicationSceneManifest_Generation = YES;
				INFOPLIST_KEY_UIApplicationSupportsIndirectInputEvents = YES;
				INFOPLIST_KEY_UILaunchScreen_Generation = YES;
				INFOPLIST_KEY_UISupportedInterfaceOrientations_iPad = "UIInterfaceOrientationPortrait UIInterfaceOrientationPortraitUpsideDown UIInterfaceOrientationLandscapeLeft UIInterfaceOrientationLandscapeRight";
				INFOPLIST_KEY_UISupportedInterfaceOrientations_iPhone = "UIInterfaceOrientationPortrait UIInterfaceOrientationLandscapeLeft UIInterfaceOrientationLandscapeRight";
				LD_RUNPATH_SEARCH_PATHS = (
					"$(inherited)",
					"@executable_path/Frameworks",
				);
				MARKETING_VERSION = 1.0;
				PRODUCT_BUNDLE_IDENTIFIER = Lana.CodeHistory;
				PRODUCT_NAME = "$(TARGET_NAME)";
				SWIFT_EMIT_LOC_STRINGS = YES;
				SWIFT_VERSION = 5.0;
				TARGETED_DEVICE_FAMILY = "1,2";
			};
			name = Debug;
		};
		3F71A475289C2889008A4D1A /* Release */ = {
			isa = XCBuildConfiguration;
			buildSettings = {
				ASSETCATALOG_COMPILER_APPICON_NAME = AppIcon;
				ASSETCATALOG_COMPILER_GLOBAL_ACCENT_COLOR_NAME = AccentColor;
				CODE_SIGN_STYLE = Automatic;
				CURRENT_PROJECT_VERSION = 1;
				DEVELOPMENT_ASSET_PATHS = "\"CodeHistory/Preview Content\"";
				ENABLE_PREVIEWS = YES;
				GENERATE_INFOPLIST_FILE = YES;
				INFOPLIST_KEY_UIApplicationSceneManifest_Generation = YES;
				INFOPLIST_KEY_UIApplicationSupportsIndirectInputEvents = YES;
				INFOPLIST_KEY_UILaunchScreen_Generation = YES;
				INFOPLIST_KEY_UISupportedInterfaceOrientations_iPad = "UIInterfaceOrientationPortrait UIInterfaceOrientationPortraitUpsideDown UIInterfaceOrientationLandscapeLeft UIInterfaceOrientationLandscapeRight";
				INFOPLIST_KEY_UISupportedInterfaceOrientations_iPhone = "UIInterfaceOrientationPortrait UIInterfaceOrientationLandscapeLeft UIInterfaceOrientationLandscapeRight";
				LD_RUNPATH_SEARCH_PATHS = (
					"$(inherited)",
					"@executable_path/Frameworks",
				);
				MARKETING_VERSION = 1.0;
				PRODUCT_BUNDLE_IDENTIFIER = Lana.CodeHistory;
				PRODUCT_NAME = "$(TARGET_NAME)";
				SWIFT_EMIT_LOC_STRINGS = YES;
				SWIFT_VERSION = 5.0;
				TARGETED_DEVICE_FAMILY = "1,2";
			};
			name = Release;
		};
/* End XCBuildConfiguration section */

/* Begin XCConfigurationList section */
		3F71A460289C2888008A4D1A /* Build configuration list for PBXProject "CodeHistory" */ = {
			isa = XCConfigurationList;
			buildConfigurations = (
				3F71A471289C2889008A4D1A /* Debug */,
				3F71A472289C2889008A4D1A /* Release */,
			);
			defaultConfigurationIsVisible = 0;
			defaultConfigurationName = Release;
		};
		3F71A473289C2889008A4D1A /* Build configuration list for PBXNativeTarget "CodeHistory" */ = {
			isa = XCConfigurationList;
			buildConfigurations = (
				3F71A474289C2889008A4D1A /* Debug */,
				3F71A475289C2889008A4D1A /* Release */,
			);
			defaultConfigurationIsVisible = 0;
			defaultConfigurationName = Release;
		};
/* End XCConfigurationList section */
	};
	rootObject = 3F71A45D289C2888008A4D1A /* Project object */;
}
